
Microsoft Visual Studio Solution File, Format Version 12.00
# Visual Studio Version 17
VisualStudioVersion = 17.11.35431.28
MinimumVisualStudioVersion = 10.0.40219.1
Project("{FAE04EC0-301F-11D3-BF4B-00C04F79EFBC}") = "ToDoListApp", "ToDoListApp\ToDoListApp.csproj", "{1A1C6464-2587-4945-8E26-0C648C6F63BB}"
EndProject
Global
	GlobalSection(SolutionConfigurationPlatforms) = preSolution
		Debug|Any CPU = Debug|Any CPU
		Release|Any CPU = Release|Any CPU
	EndGlobalSection
	GlobalSection(ProjectConfigurationPlatforms) = postSolution
		{1A1C6464-2587-4945-8E26-0C648C6F63BB}.Debug|Any CPU.ActiveCfg = Debug|Any CPU
		{1A1C6464-2587-4945-8E26-0C648C6F63BB}.Debug|Any CPU.Build.0 = Debug|Any CPU
		{1A1C6464-2587-4945-8E26-0C648C6F63BB}.Release|Any CPU.ActiveCfg = Release|Any CPU
		{1A1C6464-2587-4945-8E26-0C648C6F63BB}.Release|Any CPU.Build.0 = Release|Any CPU
	EndGlobalSection
	GlobalSection(SolutionProperties) = preSolution
		HideSolutionNode = FALSE
	EndGlobalSection
	GlobalSection(ExtensibilityGlobals) = postSolution
		SolutionGuid = {E39D5D25-CEA6-4308-9B2E-070E43A262CD}
	EndGlobalSection
EndGlobal
